// !$*UTF8*$!
{
	archiveVersion = 1;
	classes = {
	};
	objectVersion = 50;
	objects = {

/* Begin PBXBuildFile section */
		47CACDA620A3EDF600DEA6AC /* AppDelegate.m in Sources */ = {isa = PBXBuildFile; fileRef = 47CACDA520A3EDF600DEA6AC /* AppDelegate.m */; };
		47CACDA920A3EDF600DEA6AC /* ViewController.m in Sources */ = {isa = PBXBuildFile; fileRef = 47CACDA820A3EDF600DEA6AC /* ViewController.m */; };
		47CACDAC20A3EDF600DEA6AC /* Main.storyboard in Resources */ = {isa = PBXBuildFile; fileRef = 47CACDAA20A3EDF600DEA6AC /* Main.storyboard */; };
		47CACDAE20A3EDF900DEA6AC /* Assets.xcassets in Resources */ = {isa = PBXBuildFile; fileRef = 47CACDAD20A3EDF900DEA6AC /* Assets.xcassets */; };
		47CACDB120A3EDF900DEA6AC /* LaunchScreen.storyboard in Resources */ = {isa = PBXBuildFile; fileRef = 47CACDAF20A3EDF900DEA6AC /* LaunchScreen.storyboard */; };
		47CACDB420A3EDF900DEA6AC /* main.m in Sources */ = {isa = PBXBuildFile; fileRef = 47CACDB320A3EDF900DEA6AC /* main.m */; };
		47CACDC220A3EE2500DEA6AC /* DataApiService.m in Sources */ = {isa = PBXBuildFile; fileRef = 47CACDBB20A3EE2400DEA6AC /* DataApiService.m */; };
		47CACDC320A3EE2500DEA6AC /* HttpRequestControl.m in Sources */ = {isa = PBXBuildFile; fileRef = 47CACDC020A3EE2400DEA6AC /* HttpRequestControl.m */; };
		47CACDC420A3EE2500DEA6AC /* HttpRequestMsg.m in Sources */ = {isa = PBXBuildFile; fileRef = 47CACDC120A3EE2400DEA6AC /* HttpRequestMsg.m */; };
		9B5438E0372C314592DA057F /* libPods-HHHttpRequestProject.a in Frameworks */ = {isa = PBXBuildFile; fileRef = 7F091E98456C603966AF9F7B /* libPods-HHHttpRequestProject.a */; };
/* End PBXBuildFile section */

/* Begin PBXFileReference section */
		47CACDA120A3EDF600DEA6AC /* HHHttpRequestProject.app */ = {isa = PBXFileReference; explicitFileType = wrapper.application; includeInIndex = 0; path = HHHttpRequestProject.app; sourceTree = BUILT_PRODUCTS_DIR; };
		47CACDA420A3EDF600DEA6AC /* AppDelegate.h */ = {isa = PBXFileReference; lastKnownFileType = sourcecode.c.h; path = AppDelegate.h; sourceTree = "<group>"; };
		47CACDA520A3EDF600DEA6AC /* AppDelegate.m */ = {isa = PBXFileReference; lastKnownFileType = sourcecode.c.objc; path = AppDelegate.m; sourceTree = "<group>"; };
		47CACDA720A3EDF600DEA6AC /* ViewController.h */ = {isa = PBXFileReference; lastKnownFileType = sourcecode.c.h; path = ViewController.h; sourceTree = "<group>"; };
		47CACDA820A3EDF600DEA6AC /* ViewController.m */ = {isa = PBXFileReference; lastKnownFileType = sourcecode.c.objc; path = ViewController.m; sourceTree = "<group>"; };
		47CACDAB20A3EDF600DEA6AC /* Base */ = {isa = PBXFileReference; lastKnownFileType = file.storyboard; name = Base; path = Base.lproj/Main.storyboard; sourceTree = "<group>"; };
		47CACDAD20A3EDF900DEA6AC /* Assets.xcassets */ = {isa = PBXFileReference; lastKnownFileType = folder.assetcatalog; path = Assets.xcassets; sourceTree = "<group>"; };
		47CACDB020A3EDF900DEA6AC /* Base */ = {isa = PBXFileReference; lastKnownFileType = file.storyboard; name = Base; path = Base.lproj/LaunchScreen.storyboard; sourceTree = "<group>"; };
		47CACDB220A3EDF900DEA6AC /* Info.plist */ = {isa = PBXFileReference; lastKnownFileType = text.plist.xml; path = Info.plist; sourceTree = "<group>"; };
		47CACDB320A3EDF900DEA6AC /* main.m */ = {isa = PBXFileReference; lastKnownFileType = sourcecode.c.objc; path = main.m; sourceTree = "<group>"; };
		47CACDBB20A3EE2400DEA6AC /* DataApiService.m */ = {isa = PBXFileReference; fileEncoding = 4; lastKnownFileType = sourcecode.c.objc; path = DataApiService.m; sourceTree = "<group>"; };
		47CACDBC20A3EE2400DEA6AC /* HttpRequestControl.h */ = {isa = PBXFileReference; fileEncoding = 4; lastKnownFileType = sourcecode.c.h; path = HttpRequestControl.h; sourceTree = "<group>"; };
		47CACDBD20A3EE2400DEA6AC /* MsgConstant.h */ = {isa = PBXFileReference; fileEncoding = 4; lastKnownFileType = sourcecode.c.h; path = MsgConstant.h; sourceTree = "<group>"; };
		47CACDBE20A3EE2400DEA6AC /* HttpRequestMsg.h */ = {isa = PBXFileReference; fileEncoding = 4; lastKnownFileType = sourcecode.c.h; path = HttpRequestMsg.h; sourceTree = "<group>"; };
		47CACDBF20A3EE2400DEA6AC /* DataApiService.h */ = {isa = PBXFileReference; fileEncoding = 4; lastKnownFileType = sourcecode.c.h; path = DataApiService.h; sourceTree = "<group>"; };
		47CACDC020A3EE2400DEA6AC /* HttpRequestControl.m */ = {isa = PBXFileReference; fileEncoding = 4; lastKnownFileType = sourcecode.c.objc; path = HttpRequestControl.m; sourceTree = "<group>"; };
		47CACDC120A3EE2400DEA6AC /* HttpRequestMsg.m */ = {isa = PBXFileReference; fileEncoding = 4; lastKnownFileType = sourcecode.c.objc; path = HttpRequestMsg.m; sourceTree = "<group>"; };
		7F091E98456C603966AF9F7B /* libPods-HHHttpRequestProject.a */ = {isa = PBXFileReference; explicitFileType = archive.ar; includeInIndex = 0; path = "libPods-HHHttpRequestProject.a"; sourceTree = BUILT_PRODUCTS_DIR; };
		93D862880BABF7D2D23D5EAD /* Pods-HHHttpRequestProject.release.xcconfig */ = {isa = PBXFileReference; includeInIndex = 1; lastKnownFileType = text.xcconfig; name = "Pods-HHHttpRequestProject.release.xcconfig"; path = "Pods/Target Support Files/Pods-HHHttpRequestProject/Pods-HHHttpRequestProject.release.xcconfig"; sourceTree = "<group>"; };
		F44AD79430A7F727449C959F /* Pods-HHHttpRequestProject.debug.xcconfig */ = {isa = PBXFileReference; includeInIndex = 1; lastKnownFileType = text.xcconfig; name = "Pods-HHHttpRequestProject.debug.xcconfig"; path = "Pods/Target Support Files/Pods-HHHttpRequestProject/Pods-HHHttpRequestProject.debug.xcconfig"; sourceTree = "<group>"; };
/* End PBXFileReference section */

/* Begin PBXFrameworksBuildPhase section */
		47CACD9E20A3EDF600DEA6AC /* Frameworks */ = {
			isa = PBXFrameworksBuildPhase;
			buildActionMask = 2147483647;
			files = (
				9B5438E0372C314592DA057F /* libPods-HHHttpRequestProject.a in Frameworks */,
			);
			runOnlyForDeploymentPostprocessing = 0;
		};
/* End PBXFrameworksBuildPhase section */

/* Begin PBXGroup section */
		47CACD9820A3EDF600DEA6AC = {
			isa = PBXGroup;
			children = (
				47CACDA320A3EDF600DEA6AC /* HHHttpRequestProject */,
				47CACDA220A3EDF600DEA6AC /* Products */,
				E964DF2031568FE788552897 /* Pods */,
				5B94647230BB485F7E8329DD /* Frameworks */,
			);
			sourceTree = "<group>";
		};
		47CACDA220A3EDF600DEA6AC /* Products */ = {
			isa = PBXGroup;
			children = (
				47CACDA120A3EDF600DEA6AC /* HHHttpRequestProject.app */,
			);
			name = Products;
			sourceTree = "<group>";
		};
		47CACDA320A3EDF600DEA6AC /* HHHttpRequestProject */ = {
			isa = PBXGroup;
			children = (
				47CACDBA20A3EE2400DEA6AC /* HHHttpRequest */,
				47CACDA420A3EDF600DEA6AC /* AppDelegate.h */,
				47CACDA520A3EDF600DEA6AC /* AppDelegate.m */,
				47CACDA720A3EDF600DEA6AC /* ViewController.h */,
				47CACDA820A3EDF600DEA6AC /* ViewController.m */,
				47CACDAA20A3EDF600DEA6AC /* Main.storyboard */,
				47CACDAD20A3EDF900DEA6AC /* Assets.xcassets */,
				47CACDAF20A3EDF900DEA6AC /* LaunchScreen.storyboard */,
				47CACDB220A3EDF900DEA6AC /* Info.plist */,
				47CACDB320A3EDF900DEA6AC /* main.m */,
			);
			path = HHHttpRequestProject;
			sourceTree = "<group>";
		};
		47CACDBA20A3EE2400DEA6AC /* HHHttpRequest */ = {
			isa = PBXGroup;
			children = (
				47CACDBD20A3EE2400DEA6AC /* MsgConstant.h */,
				47CACDBE20A3EE2400DEA6AC /* HttpRequestMsg.h */,
				47CACDC120A3EE2400DEA6AC /* HttpRequestMsg.m */,
				47CACDBF20A3EE2400DEA6AC /* DataApiService.h */,
				47CACDBB20A3EE2400DEA6AC /* DataApiService.m */,
				47CACDBC20A3EE2400DEA6AC /* HttpRequestControl.h */,
				47CACDC020A3EE2400DEA6AC /* HttpRequestControl.m */,
			);
			path = HHHttpRequest;
			sourceTree = "<group>";
		};
		5B94647230BB485F7E8329DD /* Frameworks */ = {
			isa = PBXGroup;
			children = (
				7F091E98456C603966AF9F7B /* libPods-HHHttpRequestProject.a */,
			);
			name = Frameworks;
			sourceTree = "<group>";
		};
		E964DF2031568FE788552897 /* Pods */ = {
			isa = PBXGroup;
			children = (
				F44AD79430A7F727449C959F /* Pods-HHHttpRequestProject.debug.xcconfig */,
				93D862880BABF7D2D23D5EAD /* Pods-HHHttpRequestProject.release.xcconfig */,
			);
			name = Pods;
			sourceTree = "<group>";
		};
/* End PBXGroup section */

/* Begin PBXNativeTarget section */
		47CACDA020A3EDF600DEA6AC /* HHHttpRequestProject */ = {
			isa = PBXNativeTarget;
			buildConfigurationList = 47CACDB720A3EDF900DEA6AC /* Build configuration list for PBXNativeTarget "HHHttpRequestProject" */;
			buildPhases = (
				60B90A606962F653614A814F /* [CP] Check Pods Manifest.lock */,
				47CACD9D20A3EDF600DEA6AC /* Sources */,
				47CACD9E20A3EDF600DEA6AC /* Frameworks */,
				47CACD9F20A3EDF600DEA6AC /* Resources */,
			);
			buildRules = (
			);
			dependencies = (
			);
			name = HHHttpRequestProject;
			productName = HHHttpRequestProject;
			productReference = 47CACDA120A3EDF600DEA6AC /* HHHttpRequestProject.app */;
			productType = "com.apple.product-type.application";
		};
/* End PBXNativeTarget section */

/* Begin PBXProject section */
		47CACD9920A3EDF600DEA6AC /* Project object */ = {
			isa = PBXProject;
			attributes = {
				LastUpgradeCheck = 0930;
				ORGANIZATIONNAME = "Hu Heng";
				TargetAttributes = {
					47CACDA020A3EDF600DEA6AC = {
						CreatedOnToolsVersion = 9.3;
					};
				};
			};
			buildConfigurationList = 47CACD9C20A3EDF600DEA6AC /* Build configuration list for PBXProject "HHHttpRequestProject" */;
			compatibilityVersion = "Xcode 9.3";
			developmentRegion = en;
			hasScannedForEncodings = 0;
			knownRegions = (
				en,
				Base,
			);
			mainGroup = 47CACD9820A3EDF600DEA6AC;
			productRefGroup = 47CACDA220A3EDF600DEA6AC /* Products */;
			projectDirPath = "";
			projectRoot = "";
			targets = (
				47CACDA020A3EDF600DEA6AC /* HHHttpRequestProject */,
			);
		};
/* End PBXProject section */

/* Begin PBXResourcesBuildPhase section */
		47CACD9F20A3EDF600DEA6AC /* Resources */ = {
			isa = PBXResourcesBuildPhase;
			buildActionMask = 2147483647;
			files = (
				47CACDB120A3EDF900DEA6AC /* LaunchScreen.storyboard in Resources */,
				47CACDAE20A3EDF900DEA6AC /* Assets.xcassets in Resources */,
				47CACDAC20A3EDF600DEA6AC /* Main.storyboard in Resources */,
			);
			runOnlyForDeploymentPostprocessing = 0;
		};
/* End PBXResourcesBuildPhase section */

/* Begin PBXShellScriptBuildPhase section */
		60B90A606962F653614A814F /* [CP] Check Pods Manifest.lock */ = {
			isa = PBXShellScriptBuildPhase;
			buildActionMask = 2147483647;
			files = (
			);
			inputPaths = (
				"${PODS_PODFILE_DIR_PATH}/Podfile.lock",
				"${PODS_ROOT}/Manifest.lock",
			);
			name = "[CP] Check Pods Manifest.lock";
			outputPaths = (
				"$(DERIVED_FILE_DIR)/Pods-HHHttpRequestProject-checkManifestLockResult.txt",
			);
			runOnlyForDeploymentPostprocessing = 0;
			shellPath = /bin/sh;
			shellScript = "diff \"${PODS_PODFILE_DIR_PATH}/Podfile.lock\" \"${PODS_ROOT}/Manifest.lock\" > /dev/null\nif [ $? != 0 ] ; then\n    # print error to STDERR\n    echo \"error: The sandbox is not in sync with the Podfile.lock. Run 'pod install' or update your CocoaPods installation.\" >&2\n    exit 1\nfi\n# This output is used by Xcode 'outputs' to avoid re-running this script phase.\necho \"SUCCESS\" > \"${SCRIPT_OUTPUT_FILE_0}\"\n";
			showEnvVarsInLog = 0;
		};
/* End PBXShellScriptBuildPhase section */

/* Begin PBXSourcesBuildPhase section */
		47CACD9D20A3EDF600DEA6AC /* Sources */ = {
			isa = PBXSourcesBuildPhase;
			buildActionMask = 2147483647;
			files = (
				47CACDC320A3EE2500DEA6AC /* HttpRequestControl.m in Sources */,
				47CACDC220A3EE2500DEA6AC /* DataApiService.m in Sources */,
				47CACDA920A3EDF600DEA6AC /* ViewController.m in Sources */,
				47CACDC420A3EE2500DEA6AC /* HttpRequestMsg.m in Sources */,
				47CACDB420A3EDF900DEA6AC /* main.m in Sources */,
				47CACDA620A3EDF600DEA6AC /* AppDelegate.m in Sources */,
			);
			runOnlyForDeploymentPostprocessing = 0;
		};
/* End PBXSourcesBuildPhase section */

/* Begin PBXVariantGroup section */
		47CACDAA20A3EDF600DEA6AC /* Main.storyboard */ = {
			isa = PBXVariantGroup;
			children = (
				47CACDAB20A3EDF600DEA6AC /* Base */,
			);
			name = Main.storyboard;
			sourceTree = "<group>";
		};
		47CACDAF20A3EDF900DEA6AC /* LaunchScreen.storyboard */ = {
			isa = PBXVariantGroup;
			children = (
				47CACDB020A3EDF900DEA6AC /* Base */,
			);
			name = LaunchScreen.storyboard;
			sourceTree = "<group>";
		};
/* End PBXVariantGroup section */

/* Begin XCBuildConfiguration section */
		47CACDB520A3EDF900DEA6AC /* Debug */ = {
			isa = XCBuildConfiguration;
			buildSettings = {
				ALWAYS_SEARCH_USER_PATHS = NO;
				CLANG_ANALYZER_NONNULL = YES;
				CLANG_ANALYZER_NUMBER_OBJECT_CONVERSION = YES_AGGRESSIVE;
				CLANG_CXX_LANGUAGE_STANDARD = "gnu++14";
				CLANG_CXX_LIBRARY = "libc++";
				CLANG_ENABLE_MODULES = YES;
				CLANG_ENABLE_OBJC_ARC = YES;
				CLANG_ENABLE_OBJC_WEAK = YES;
				CLANG_WARN_BLOCK_CAPTURE_AUTORELEASING = YES;
				CLANG_WARN_BOOL_CONVERSION = YES;
				CLANG_WARN_COMMA = YES;
				CLANG_WARN_CONSTANT_CONVERSION = YES;
				CLANG_WARN_DEPRECATED_OBJC_IMPLEMENTATIONS = YES;
				CLANG_WARN_DIRECT_OBJC_ISA_USAGE = YES_ERROR;
				CLANG_WARN_DOCUMENTATION_COMMENTS = YES;
				CLANG_WARN_EMPTY_BODY = YES;
				CLANG_WARN_ENUM_CONVERSION = YES;
				CLANG_WARN_INFINITE_RECURSION = YES;
				CLANG_WARN_INT_CONVERSION = YES;
				CLANG_WARN_NON_LITERAL_NULL_CONVERSION = YES;
				CLANG_WARN_OBJC_IMPLICIT_RETAIN_SELF = YES;
				CLANG_WARN_OBJC_LITERAL_CONVERSION = YES;
				CLANG_WARN_OBJC_ROOT_CLASS = YES_ERROR;
				CLANG_WARN_RANGE_LOOP_ANALYSIS = YES;
				CLANG_WARN_STRICT_PROTOTYPES = YES;
				CLANG_WARN_SUSPICIOUS_MOVE = YES;
				CLANG_WARN_UNGUARDED_AVAILABILITY = YES_AGGRESSIVE;
				CLANG_WARN_UNREACHABLE_CODE = YES;
				CLANG_WARN__DUPLICATE_METHOD_MATCH = YES;
				CODE_SIGN_IDENTITY = "iPhone Developer";
				COPY_PHASE_STRIP = NO;
				DEBUG_INFORMATION_FORMAT = dwarf;
				ENABLE_STRICT_OBJC_MSGSEND = YES;
				ENABLE_TESTABILITY = YES;
				GCC_C_LANGUAGE_STANDARD = gnu11;
				GCC_DYNAMIC_NO_PIC = NO;
				GCC_NO_COMMON_BLOCKS = YES;
				GCC_OPTIMIZATION_LEVEL = 0;
				GCC_PREPROCESSOR_DEFINITIONS = (
					"DEBUG=1",
					"$(inherited)",
				);
				GCC_WARN_64_TO_32_BIT_CONVERSION = YES;
				GCC_WARN_ABOUT_RETURN_TYPE = YES_ERROR;
				GCC_WARN_UNDECLARED_SELECTOR = YES;
				GCC_WARN_UNINITIALIZED_AUTOS = YES_AGGRESSIVE;
				GCC_WARN_UNUSED_FUNCTION = YES;
				GCC_WARN_UNUSED_VARIABLE = YES;
				IPHONEOS_DEPLOYMENT_TARGET = 11.3;
				MTL_ENABLE_DEBUG_INFO = YES;
				ONLY_ACTIVE_ARCH = YES;
				SDKROOT = iphoneos;
			};
			name = Debug;
		};
		47CACDB620A3EDF900DEA6AC /* Release */ = {
			isa = XCBuildConfiguration;
			buildSettings = {
				ALWAYS_SEARCH_USER_PATHS = NO;
				CLANG_ANALYZER_NONNULL = YES;
				CLANG_ANALYZER_NUMBER_OBJECT_CONVERSION = YES_AGGRESSIVE;
				CLANG_CXX_LANGUAGE_STANDARD = "gnu++14";
				CLANG_CXX_LIBRARY = "libc++";
				CLANG_ENABLE_MODULES = YES;
				CLANG_ENABLE_OBJC_ARC = YES;
				CLANG_ENABLE_OBJC_WEAK = YES;
				CLANG_WARN_BLOCK_CAPTURE_AUTORELEASING = YES;
				CLANG_WARN_BOOL_CONVERSION = YES;
				CLANG_WARN_COMMA = YES;
				CLANG_WARN_CONSTANT_CONVERSION = YES;
				CLANG_WARN_DEPRECATED_OBJC_IMPLEMENTATIONS = YES;
				CLANG_WARN_DIRECT_OBJC_ISA_USAGE = YES_ERROR;
				CLANG_WARN_DOCUMENTATION_COMMENTS = YES;
				CLANG_WARN_EMPTY_BODY = YES;
				CLANG_WARN_ENUM_CONVERSION = YES;
				CLANG_WARN_INFINITE_RECURSION = YES;
				CLANG_WARN_INT_CONVERSION = YES;
				CLANG_WARN_NON_LITERAL_NULL_CONVERSION = YES;
				CLANG_WARN_OBJC_IMPLICIT_RETAIN_SELF = YES;
				CLANG_WARN_OBJC_LITERAL_CONVERSION = YES;
				CLANG_WARN_OBJC_ROOT_CLASS = YES_ERROR;
				CLANG_WARN_RANGE_LOOP_ANALYSIS = YES;
				CLANG_WARN_STRICT_PROTOTYPES = YES;
				CLANG_WARN_SUSPICIOUS_MOVE = YES;
				CLANG_WARN_UNGUARDED_AVAILABILITY = YES_AGGRESSIVE;
				CLANG_WARN_UNREACHABLE_CODE = YES;
				CLANG_WARN__DUPLICATE_METHOD_MATCH = YES;
				CODE_SIGN_IDENTITY = "iPhone Developer";
				COPY_PHASE_STRIP = NO;
				DEBUG_INFORMATION_FORMAT = "dwarf-with-dsym";
				ENABLE_NS_ASSERTIONS = NO;
				ENABLE_STRICT_OBJC_MSGSEND = YES;
				GCC_C_LANGUAGE_STANDARD = gnu11;
				GCC_NO_COMMON_BLOCKS = YES;
				GCC_WARN_64_TO_32_BIT_CONVERSION = YES;
				GCC_WARN_ABOUT_RETURN_TYPE = YES_ERROR;
				GCC_WARN_UNDECLARED_SELECTOR = YES;
				GCC_WARN_UNINITIALIZED_AUTOS = YES_AGGRESSIVE;
				GCC_WARN_UNUSED_FUNCTION = YES;
				GCC_WARN_UNUSED_VARIABLE = YES;
				IPHONEOS_DEPLOYMENT_TARGET = 11.3;
				MTL_ENABLE_DEBUG_INFO = NO;
				SDKROOT = iphoneos;
				VALIDATE_PRODUCT = YES;
			};
			name = Release;
		};
		47CACDB820A3EDF900DEA6AC /* Debug */ = {
			isa = XCBuildConfiguration;
			baseConfigurationReference = F44AD79430A7F727449C959F /* Pods-HHHttpRequestProject.debug.xcconfig */;
			buildSettings = {
				ASSETCATALOG_COMPILER_APPICON_NAME = AppIcon;
				CODE_SIGN_STYLE = Automatic;
				DEVELOPMENT_TEAM = PW79S3U69P;
				INFOPLIST_FILE = HHHttpRequestProject/Info.plist;
				LD_RUNPATH_SEARCH_PATHS = "$(inherited) @executable_path/Frameworks";
				PRODUCT_BUNDLE_IDENTIFIER = "--.HHHttpRequestProject";
				PRODUCT_NAME = "$(TARGET_NAME)";
				TARGETED_DEVICE_FAMILY = "1,2";
			};
			name = Debug;
		};
		47CACDB920A3EDF900DEA6AC /* Release */ = {
			isa = XCBuildConfiguration;
			baseConfigurationReference = 93D862880BABF7D2D23D5EAD /* Pods-HHHttpRequestProject.release.xcconfig */;
			buildSettings = {
				ASSETCATALOG_COMPILER_APPICON_NAME = AppIcon;
				CODE_SIGN_STYLE = Automatic;
				DEVELOPMENT_TEAM = PW79S3U69P;
				INFOPLIST_FILE = HHHttpRequestProject/Info.plist;
				LD_RUNPATH_SEARCH_PATHS = "$(inherited) @executable_path/Frameworks";
				PRODUCT_BUNDLE_IDENTIFIER = "--.HHHttpRequestProject";
				PRODUCT_NAME = "$(TARGET_NAME)";
				TARGETED_DEVICE_FAMILY = "1,2";
			};
			name = Release;
		};
/* End XCBuildConfiguration section */

/* Begin XCConfigurationList section */
		47CACD9C20A3EDF600DEA6AC /* Build configuration list for PBXProject "HHHttpRequestProject" */ = {
			isa = XCConfigurationList;
			buildConfigurations = (
				47CACDB520A3EDF900DEA6AC /* Debug */,
				47CACDB620A3EDF900DEA6AC /* Release */,
			);
			defaultConfigurationIsVisible = 0;
			defaultConfigurationName = Release;
		};
		47CACDB720A3EDF900DEA6AC /* Build configuration list for PBXNativeTarget "HHHttpRequestProject" */ = {
			isa = XCConfigurationList;
			buildConfigurations = (
				47CACDB820A3EDF900DEA6AC /* Debug */,
				47CACDB920A3EDF900DEA6AC /* Release */,
			);
			defaultConfigurationIsVisible = 0;
			defaultConfigurationName = Release;
		};
/* End XCConfigurationList section */
	};
	rootObject = 47CACD9920A3EDF600DEA6AC /* Project object */;
}
